// !$*UTF8*$!
{
	archiveVersion = 1;
	classes = {
	};
	objectVersion = 55;
	objects = {

/* Begin PBXBuildFile section */
		9C9B1A8E28D0DF5300ED4EE3 /* BrowseView.swift in Sources */ = {isa = PBXBuildFile; fileRef = 9C9B1A8D28D0DF5300ED4EE3 /* BrowseView.swift */; };
		9C9B1A9028D10AD200ED4EE3 /* Model.swift in Sources */ = {isa = PBXBuildFile; fileRef = 9C9B1A8F28D10AD200ED4EE3 /* Model.swift */; };
		9CA295C828CFF16900642FA0 /* AppDelegate.swift in Sources */ = {isa = PBXBuildFile; fileRef = 9CA295C728CFF16900642FA0 /* AppDelegate.swift */; };
		9CA295CA28CFF16900642FA0 /* ContentView.swift in Sources */ = {isa = PBXBuildFile; fileRef = 9CA295C928CFF16900642FA0 /* ContentView.swift */; };
		9CA295CE28CFF16A00642FA0 /* Assets.xcassets in Resources */ = {isa = PBXBuildFile; fileRef = 9CA295CD28CFF16A00642FA0 /* Assets.xcassets */; };
		9CA295D128CFF16A00642FA0 /* Preview Assets.xcassets in Resources */ = {isa = PBXBuildFile; fileRef = 9CA295D028CFF16A00642FA0 /* Preview Assets.xcassets */; };
		9CA295DC28CFF50300642FA0 /* fender_stratocaster.usdz in Resources */ = {isa = PBXBuildFile; fileRef = 9CA295D828CFF50300642FA0 /* fender_stratocaster.usdz */; };
		9CA295DD28CFF50300642FA0 /* toy_biplane.usdz in Resources */ = {isa = PBXBuildFile; fileRef = 9CA295D928CFF50300642FA0 /* toy_biplane.usdz */; };
		9CA295DE28CFF50300642FA0 /* wateringcan.usdz in Resources */ = {isa = PBXBuildFile; fileRef = 9CA295DA28CFF50300642FA0 /* wateringcan.usdz */; };
		9CA295DF28CFF50300642FA0 /* toy_robot_vintage.usdz in Resources */ = {isa = PBXBuildFile; fileRef = 9CA295DB28CFF50300642FA0 /* toy_robot_vintage.usdz */; };
		9CC924D328D02852008940A3 /* ControlView.swift in Sources */ = {isa = PBXBuildFile; fileRef = 9CC924D228D02852008940A3 /* ControlView.swift */; };
/* End PBXBuildFile section */

/* Begin PBXFileReference section */
		9C9B1A8D28D0DF5300ED4EE3 /* BrowseView.swift */ = {isa = PBXFileReference; lastKnownFileType = sourcecode.swift; path = BrowseView.swift; sourceTree = "<group>"; };
		9C9B1A8F28D10AD200ED4EE3 /* Model.swift */ = {isa = PBXFileReference; lastKnownFileType = sourcecode.swift; path = Model.swift; sourceTree = "<group>"; };
		9CA295C428CFF16900642FA0 /* realitykit-store-swift.app */ = {isa = PBXFileReference; explicitFileType = wrapper.application; includeInIndex = 0; path = "realitykit-store-swift.app"; sourceTree = BUILT_PRODUCTS_DIR; };
		9CA295C728CFF16900642FA0 /* AppDelegate.swift */ = {isa = PBXFileReference; lastKnownFileType = sourcecode.swift; path = AppDelegate.swift; sourceTree = "<group>"; };
		9CA295C928CFF16900642FA0 /* ContentView.swift */ = {isa = PBXFileReference; lastKnownFileType = sourcecode.swift; path = ContentView.swift; sourceTree = "<group>"; };
		9CA295CD28CFF16A00642FA0 /* Assets.xcassets */ = {isa = PBXFileReference; lastKnownFileType = folder.assetcatalog; path = Assets.xcassets; sourceTree = "<group>"; };
		9CA295D028CFF16A00642FA0 /* Preview Assets.xcassets */ = {isa = PBXFileReference; lastKnownFileType = folder.assetcatalog; path = "Preview Assets.xcassets"; sourceTree = "<group>"; };
		9CA295D828CFF50300642FA0 /* fender_stratocaster.usdz */ = {isa = PBXFileReference; lastKnownFileType = file.usdz; path = fender_stratocaster.usdz; sourceTree = "<group>"; };
		9CA295D928CFF50300642FA0 /* toy_biplane.usdz */ = {isa = PBXFileReference; lastKnownFileType = file.usdz; path = toy_biplane.usdz; sourceTree = "<group>"; };
		9CA295DA28CFF50300642FA0 /* wateringcan.usdz */ = {isa = PBXFileReference; lastKnownFileType = file.usdz; path = wateringcan.usdz; sourceTree = "<group>"; };
		9CA295DB28CFF50300642FA0 /* toy_robot_vintage.usdz */ = {isa = PBXFileReference; lastKnownFileType = file.usdz; path = toy_robot_vintage.usdz; sourceTree = "<group>"; };
		9CC924D228D02852008940A3 /* ControlView.swift */ = {isa = PBXFileReference; lastKnownFileType = sourcecode.swift; path = ControlView.swift; sourceTree = "<group>"; };
/* End PBXFileReference section */

/* Begin PBXFrameworksBuildPhase section */
		9CA295C128CFF16900642FA0 /* Frameworks */ = {
			isa = PBXFrameworksBuildPhase;
			buildActionMask = 2147483647;
			files = (
			);
			runOnlyForDeploymentPostprocessing = 0;
		};
/* End PBXFrameworksBuildPhase section */

/* Begin PBXGroup section */
		9CA295BB28CFF16900642FA0 = {
			isa = PBXGroup;
			children = (
				9CA295C628CFF16900642FA0 /* realitykit-store-swift */,
				9CA295C528CFF16900642FA0 /* Products */,
			);
			sourceTree = "<group>";
		};
		9CA295C528CFF16900642FA0 /* Products */ = {
			isa = PBXGroup;
			children = (
				9CA295C428CFF16900642FA0 /* realitykit-store-swift.app */,
			);
			name = Products;
			sourceTree = "<group>";
		};
		9CA295C628CFF16900642FA0 /* realitykit-store-swift */ = {
			isa = PBXGroup;
			children = (
				9CA295D728CFF4BF00642FA0 /* 3D Assets */,
				9CA295C728CFF16900642FA0 /* AppDelegate.swift */,
				9CA295C928CFF16900642FA0 /* ContentView.swift */,
				9CC924D228D02852008940A3 /* ControlView.swift */,
				9C9B1A8D28D0DF5300ED4EE3 /* BrowseView.swift */,
				9C9B1A8F28D10AD200ED4EE3 /* Model.swift */,
				9CA295CD28CFF16A00642FA0 /* Assets.xcassets */,
				9CA295CF28CFF16A00642FA0 /* Preview Content */,
			);
			path = "realitykit-store-swift";
			sourceTree = "<group>";
		};
		9CA295CF28CFF16A00642FA0 /* Preview Content */ = {
			isa = PBXGroup;
			children = (
				9CA295D028CFF16A00642FA0 /* Preview Assets.xcassets */,
			);
			path = "Preview Content";
			sourceTree = "<group>";
		};
		9CA295D728CFF4BF00642FA0 /* 3D Assets */ = {
			isa = PBXGroup;
			children = (
				9CA295D828CFF50300642FA0 /* fender_stratocaster.usdz */,
				9CA295D928CFF50300642FA0 /* toy_biplane.usdz */,
				9CA295DB28CFF50300642FA0 /* toy_robot_vintage.usdz */,
				9CA295DA28CFF50300642FA0 /* wateringcan.usdz */,
			);
			path = "3D Assets";
			sourceTree = "<group>";
		};
/* End PBXGroup section */

/* Begin PBXNativeTarget section */
		9CA295C328CFF16900642FA0 /* realitykit-store-swift */ = {
			isa = PBXNativeTarget;
			buildConfigurationList = 9CA295D428CFF16A00642FA0 /* Build configuration list for PBXNativeTarget "realitykit-store-swift" */;
			buildPhases = (
				9CA295C028CFF16900642FA0 /* Sources */,
				9CA295C128CFF16900642FA0 /* Frameworks */,
				9CA295C228CFF16900642FA0 /* Resources */,
			);
			buildRules = (
			);
			dependencies = (
			);
			name = "realitykit-store-swift";
			productName = "realitykit-store-swift";
			productReference = 9CA295C428CFF16900642FA0 /* realitykit-store-swift.app */;
			productType = "com.apple.product-type.application";
		};
/* End PBXNativeTarget section */

/* Begin PBXProject section */
		9CA295BC28CFF16900642FA0 /* Project object */ = {
			isa = PBXProject;
			attributes = {
				BuildIndependentTargetsInParallel = 1;
				LastSwiftUpdateCheck = 1340;
				LastUpgradeCheck = 1340;
				TargetAttributes = {
					9CA295C328CFF16900642FA0 = {
						CreatedOnToolsVersion = 13.4.1;
					};
				};
			};
			buildConfigurationList = 9CA295BF28CFF16900642FA0 /* Build configuration list for PBXProject "realitykit-store-swift" */;
			compatibilityVersion = "Xcode 13.0";
			developmentRegion = en;
			hasScannedForEncodings = 0;
			knownRegions = (
				en,
				Base,
			);
			mainGroup = 9CA295BB28CFF16900642FA0;
			productRefGroup = 9CA295C528CFF16900642FA0 /* Products */;
			projectDirPath = "";
			projectRoot = "";
			targets = (
				9CA295C328CFF16900642FA0 /* realitykit-store-swift */,
			);
		};
/* End PBXProject section */

/* Begin PBXResourcesBuildPhase section */
		9CA295C228CFF16900642FA0 /* Resources */ = {
			isa = PBXResourcesBuildPhase;
			buildActionMask = 2147483647;
			files = (
				9CA295D128CFF16A00642FA0 /* Preview Assets.xcassets in Resources */,
				9CA295CE28CFF16A00642FA0 /* Assets.xcassets in Resources */,
				9CA295DF28CFF50300642FA0 /* toy_robot_vintage.usdz in Resources */,
				9CA295DD28CFF50300642FA0 /* toy_biplane.usdz in Resources */,
				9CA295DC28CFF50300642FA0 /* fender_stratocaster.usdz in Resources */,
				9CA295DE28CFF50300642FA0 /* wateringcan.usdz in Resources */,
			);
			runOnlyForDeploymentPostprocessing = 0;
		};
/* End PBXResourcesBuildPhase section */

/* Begin PBXSourcesBuildPhase section */
		9CA295C028CFF16900642FA0 /* Sources */ = {
			isa = PBXSourcesBuildPhase;
			buildActionMask = 2147483647;
			files = (
				9C9B1A9028D10AD200ED4EE3 /* Model.swift in Sources */,
				9C9B1A8E28D0DF5300ED4EE3 /* BrowseView.swift in Sources */,
				9CA295CA28CFF16900642FA0 /* ContentView.swift in Sources */,
				9CC924D328D02852008940A3 /* ControlView.swift in Sources */,
				9CA295C828CFF16900642FA0 /* AppDelegate.swift in Sources */,
			);
			runOnlyForDeploymentPostprocessing = 0;
		};
/* End PBXSourcesBuildPhase section */

/* Begin XCBuildConfiguration section */
		9CA295D228CFF16A00642FA0 /* Debug */ = {
			isa = XCBuildConfiguration;
			buildSettings = {
				ALWAYS_SEARCH_USER_PATHS = NO;
				CLANG_ANALYZER_NONNULL = YES;
				CLANG_ANALYZER_NUMBER_OBJECT_CONVERSION = YES_AGGRESSIVE;
				CLANG_CXX_LANGUAGE_STANDARD = "gnu++17";
				CLANG_ENABLE_MODULES = YES;
				CLANG_ENABLE_OBJC_ARC = YES;
				CLANG_ENABLE_OBJC_WEAK = YES;
				CLANG_WARN_BLOCK_CAPTURE_AUTORELEASING = YES;
				CLANG_WARN_BOOL_CONVERSION = YES;
				CLANG_WARN_COMMA = YES;
				CLANG_WARN_CONSTANT_CONVERSION = YES;
				CLANG_WARN_DEPRECATED_OBJC_IMPLEMENTATIONS = YES;
				CLANG_WARN_DIRECT_OBJC_ISA_USAGE = YES_ERROR;
				CLANG_WARN_DOCUMENTATION_COMMENTS = YES;
				CLANG_WARN_EMPTY_BODY = YES;
				CLANG_WARN_ENUM_CONVERSION = YES;
				CLANG_WARN_INFINITE_RECURSION = YES;
				CLANG_WARN_INT_CONVERSION = YES;
				CLANG_WARN_NON_LITERAL_NULL_CONVERSION = YES;
				CLANG_WARN_OBJC_IMPLICIT_RETAIN_SELF = YES;
				CLANG_WARN_OBJC_LITERAL_CONVERSION = YES;
				CLANG_WARN_OBJC_ROOT_CLASS = YES_ERROR;
				CLANG_WARN_QUOTED_INCLUDE_IN_FRAMEWORK_HEADER = YES;
				CLANG_WARN_RANGE_LOOP_ANALYSIS = YES;
				CLANG_WARN_STRICT_PROTOTYPES = YES;
				CLANG_WARN_SUSPICIOUS_MOVE = YES;
				CLANG_WARN_UNGUARDED_AVAILABILITY = YES_AGGRESSIVE;
				CLANG_WARN_UNREACHABLE_CODE = YES;
				CLANG_WARN__DUPLICATE_METHOD_MATCH = YES;
				COPY_PHASE_STRIP = NO;
				DEBUG_INFORMATION_FORMAT = dwarf;
				ENABLE_STRICT_OBJC_MSGSEND = YES;
				ENABLE_TESTABILITY = YES;
				GCC_C_LANGUAGE_STANDARD = gnu11;
				GCC_DYNAMIC_NO_PIC = NO;
				GCC_NO_COMMON_BLOCKS = YES;
				GCC_OPTIMIZATION_LEVEL = 0;
				GCC_PREPROCESSOR_DEFINITIONS = (
					"DEBUG=1",
					"$(inherited)",
				);
				GCC_WARN_64_TO_32_BIT_CONVERSION = YES;
				GCC_WARN_ABOUT_RETURN_TYPE = YES_ERROR;
				GCC_WARN_UNDECLARED_SELECTOR = YES;
				GCC_WARN_UNINITIALIZED_AUTOS = YES_AGGRESSIVE;
				GCC_WARN_UNUSED_FUNCTION = YES;
				GCC_WARN_UNUSED_VARIABLE = YES;
				IPHONEOS_DEPLOYMENT_TARGET = 15.5;
				MTL_ENABLE_DEBUG_INFO = INCLUDE_SOURCE;
				MTL_FAST_MATH = YES;
				ONLY_ACTIVE_ARCH = YES;
				SDKROOT = iphoneos;
				SWIFT_ACTIVE_COMPILATION_CONDITIONS = DEBUG;
				SWIFT_OPTIMIZATION_LEVEL = "-Onone";
			};
			name = Debug;
		};
		9CA295D328CFF16A00642FA0 /* Release */ = {
			isa = XCBuildConfiguration;
			buildSettings = {
				ALWAYS_SEARCH_USER_PATHS = NO;
				CLANG_ANALYZER_NONNULL = YES;
				CLANG_ANALYZER_NUMBER_OBJECT_CONVERSION = YES_AGGRESSIVE;
				CLANG_CXX_LANGUAGE_STANDARD = "gnu++17";
				CLANG_ENABLE_MODULES = YES;
				CLANG_ENABLE_OBJC_ARC = YES;
				CLANG_ENABLE_OBJC_WEAK = YES;
				CLANG_WARN_BLOCK_CAPTURE_AUTORELEASING = YES;
				CLANG_WARN_BOOL_CONVERSION = YES;
				CLANG_WARN_COMMA = YES;
				CLANG_WARN_CONSTANT_CONVERSION = YES;
				CLANG_WARN_DEPRECATED_OBJC_IMPLEMENTATIONS = YES;
				CLANG_WARN_DIRECT_OBJC_ISA_USAGE = YES_ERROR;
				CLANG_WARN_DOCUMENTATION_COMMENTS = YES;
				CLANG_WARN_EMPTY_BODY = YES;
				CLANG_WARN_ENUM_CONVERSION = YES;
				CLANG_WARN_INFINITE_RECURSION = YES;
				CLANG_WARN_INT_CONVERSION = YES;
				CLANG_WARN_NON_LITERAL_NULL_CONVERSION = YES;
				CLANG_WARN_OBJC_IMPLICIT_RETAIN_SELF = YES;
				CLANG_WARN_OBJC_LITERAL_CONVERSION = YES;
				CLANG_WARN_OBJC_ROOT_CLASS = YES_ERROR;
				CLANG_WARN_QUOTED_INCLUDE_IN_FRAMEWORK_HEADER = YES;
				CLANG_WARN_RANGE_LOOP_ANALYSIS = YES;
				CLANG_WARN_STRICT_PROTOTYPES = YES;
				CLANG_WARN_SUSPICIOUS_MOVE = YES;
				CLANG_WARN_UNGUARDED_AVAILABILITY = YES_AGGRESSIVE;
				CLANG_WARN_UNREACHABLE_CODE = YES;
				CLANG_WARN__DUPLICATE_METHOD_MATCH = YES;
				COPY_PHASE_STRIP = NO;
				DEBUG_INFORMATION_FORMAT = "dwarf-with-dsym";
				ENABLE_NS_ASSERTIONS = NO;
				ENABLE_STRICT_OBJC_MSGSEND = YES;
				GCC_C_LANGUAGE_STANDARD = gnu11;
				GCC_NO_COMMON_BLOCKS = YES;
				GCC_WARN_64_TO_32_BIT_CONVERSION = YES;
				GCC_WARN_ABOUT_RETURN_TYPE = YES_ERROR;
				GCC_WARN_UNDECLARED_SELECTOR = YES;
				GCC_WARN_UNINITIALIZED_AUTOS = YES_AGGRESSIVE;
				GCC_WARN_UNUSED_FUNCTION = YES;
				GCC_WARN_UNUSED_VARIABLE = YES;
				IPHONEOS_DEPLOYMENT_TARGET = 15.5;
				MTL_ENABLE_DEBUG_INFO = NO;
				MTL_FAST_MATH = YES;
				SDKROOT = iphoneos;
				SWIFT_COMPILATION_MODE = wholemodule;
				SWIFT_OPTIMIZATION_LEVEL = "-O";
				VALIDATE_PRODUCT = YES;
			};
			name = Release;
		};
		9CA295D528CFF16A00642FA0 /* Debug */ = {
			isa = XCBuildConfiguration;
			buildSettings = {
				ASSETCATALOG_COMPILER_APPICON_NAME = AppIcon;
				ASSETCATALOG_COMPILER_GLOBAL_ACCENT_COLOR_NAME = AccentColor;
				CODE_SIGN_STYLE = Automatic;
				CURRENT_PROJECT_VERSION = 1;
				DEVELOPMENT_ASSET_PATHS = "\"realitykit-store-swift/Preview Content\"";
				DEVELOPMENT_TEAM = X5R35622S3;
				ENABLE_PREVIEWS = YES;
				GENERATE_INFOPLIST_FILE = YES;
				INFOPLIST_KEY_NSCameraUsageDescription = "";
				INFOPLIST_KEY_UIApplicationSupportsIndirectInputEvents = YES;
				INFOPLIST_KEY_UILaunchScreen_Generation = YES;
				INFOPLIST_KEY_UIRequiredDeviceCapabilities = arkit;
				INFOPLIST_KEY_UIStatusBarHidden = YES;
				INFOPLIST_KEY_UISupportedInterfaceOrientations_iPad = "UIInterfaceOrientationPortrait UIInterfaceOrientationPortraitUpsideDown UIInterfaceOrientationLandscapeLeft UIInterfaceOrientationLandscapeRight";
				INFOPLIST_KEY_UISupportedInterfaceOrientations_iPhone = "UIInterfaceOrientationPortrait UIInterfaceOrientationLandscapeLeft UIInterfaceOrientationLandscapeRight";
				LD_RUNPATH_SEARCH_PATHS = (
					"$(inherited)",
					"@executable_path/Frameworks",
				);
				MARKETING_VERSION = 1.0;
				PRODUCT_BUNDLE_IDENTIFIER = "com.steffan.realitykit-store-swift";
				PRODUCT_NAME = "$(TARGET_NAME)";
				SWIFT_EMIT_LOC_STRINGS = YES;
				SWIFT_VERSION = 5.0;
				TARGETED_DEVICE_FAMILY = "1,2";
			};
			name = Debug;
		};
		9CA295D628CFF16A00642FA0 /* Release */ = {
			isa = XCBuildConfiguration;
			buildSettings = {
				ASSETCATALOG_COMPILER_APPICON_NAME = AppIcon;
				ASSETCATALOG_COMPILER_GLOBAL_ACCENT_COLOR_NAME = AccentColor;
				CODE_SIGN_STYLE = Automatic;
				CURRENT_PROJECT_VERSION = 1;
				DEVELOPMENT_ASSET_PATHS = "\"realitykit-store-swift/Preview Content\"";
				DEVELOPMENT_TEAM = X5R35622S3;
				ENABLE_PREVIEWS = YES;
				GENERATE_INFOPLIST_FILE = YES;
				INFOPLIST_KEY_NSCameraUsageDescription = "";
				INFOPLIST_KEY_UIApplicationSupportsIndirectInputEvents = YES;
				INFOPLIST_KEY_UILaunchScreen_Generation = YES;
				INFOPLIST_KEY_UIRequiredDeviceCapabilities = arkit;
				INFOPLIST_KEY_UIStatusBarHidden = YES;
				INFOPLIST_KEY_UISupportedInterfaceOrientations_iPad = "UIInterfaceOrientationPortrait UIInterfaceOrientationPortraitUpsideDown UIInterfaceOrientationLandscapeLeft UIInterfaceOrientationLandscapeRight";
				INFOPLIST_KEY_UISupportedInterfaceOrientations_iPhone = "UIInterfaceOrientationPortrait UIInterfaceOrientationLandscapeLeft UIInterfaceOrientationLandscapeRight";
				LD_RUNPATH_SEARCH_PATHS = (
					"$(inherited)",
					"@executable_path/Frameworks",
				);
				MARKETING_VERSION = 1.0;
				PRODUCT_BUNDLE_IDENTIFIER = "com.steffan.realitykit-store-swift";
				PRODUCT_NAME = "$(TARGET_NAME)";
				SWIFT_EMIT_LOC_STRINGS = YES;
				SWIFT_VERSION = 5.0;
				TARGETED_DEVICE_FAMILY = "1,2";
			};
			name = Release;
		};
/* End XCBuildConfiguration section */

/* Begin XCConfigurationList section */
		9CA295BF28CFF16900642FA0 /* Build configuration list for PBXProject "realitykit-store-swift" */ = {
			isa = XCConfigurationList;
			buildConfigurations = (
				9CA295D228CFF16A00642FA0 /* Debug */,
				9CA295D328CFF16A00642FA0 /* Release */,
			);
			defaultConfigurationIsVisible = 0;
			defaultConfigurationName = Release;
		};
		9CA295D428CFF16A00642FA0 /* Build configuration list for PBXNativeTarget "realitykit-store-swift" */ = {
			isa = XCConfigurationList;
			buildConfigurations = (
				9CA295D528CFF16A00642FA0 /* Debug */,
				9CA295D628CFF16A00642FA0 /* Release */,
			);
			defaultConfigurationIsVisible = 0;
			defaultConfigurationName = Release;
		};
/* End XCConfigurationList section */
	};
	rootObject = 9CA295BC28CFF16900642FA0 /* Project object */;
}
